// !$*UTF8*$!
{
	archiveVersion = 1;
	classes = {
	};
	objectVersion = 56;
	objects = {

/* Begin PBXBuildFile section */
		CE11A4832B72C27800463F82 /* libgmp.a in Frameworks */ = {isa = PBXBuildFile; fileRef = CE11A47E2B72C27800463F82 /* libgmp.a */; };
		CE11A4842B72C27800463F82 /* libfq.a in Frameworks */ = {isa = PBXBuildFile; fileRef = CE11A47F2B72C27800463F82 /* libfq.a */; };
		CE11A4852B72C27800463F82 /* librapidsnark.a in Frameworks */ = {isa = PBXBuildFile; fileRef = CE11A4802B72C27800463F82 /* librapidsnark.a */; };
		CE11A4862B72C27800463F82 /* libfr.a in Frameworks */ = {isa = PBXBuildFile; fileRef = CE11A4812B72C27800463F82 /* libfr.a */; };
		CE11A48B2B72C3C200463F82 /* ZKUtils.swift in Sources */ = {isa = PBXBuildFile; fileRef = CE11A48A2B72C3C200463F82 /* ZKUtils.swift */; };
		CE11A48D2B72C9A100463F82 /* KeychainUtils.swift in Sources */ = {isa = PBXBuildFile; fileRef = CE11A48C2B72C9A100463F82 /* KeychainUtils.swift */; };
		CE1CC8A12B686FE400FB5E31 /* KeychainAccess in Frameworks */ = {isa = PBXBuildFile; productRef = CE1CC8A02B686FE400FB5E31 /* KeychainAccess */; };
		CE299F5D2B3B0D630033A80D /* HotbarController.swift in Sources */ = {isa = PBXBuildFile; fileRef = CE299F5C2B3B0D630033A80D /* HotbarController.swift */; };
		CE299F5F2B3B12750033A80D /* HomeView.swift in Sources */ = {isa = PBXBuildFile; fileRef = CE299F5E2B3B12750033A80D /* HomeView.swift */; };
		CE299F692B3B3AC70033A80D /* View.swift in Sources */ = {isa = PBXBuildFile; fileRef = CE299F682B3B3AC70033A80D /* View.swift */; };
		CE299F6C2B3B55C70033A80D /* HomeController.swift in Sources */ = {isa = PBXBuildFile; fileRef = CE299F6B2B3B55C70033A80D /* HomeController.swift */; };
		CE299F6E2B3B615A0033A80D /* MainView.swift in Sources */ = {isa = PBXBuildFile; fileRef = CE299F6D2B3B615A0033A80D /* MainView.swift */; };
		CE299F812B3BA66C0033A80D /* QKMRZScanner in Frameworks */ = {isa = PBXBuildFile; productRef = CE299F802B3BA66C0033A80D /* QKMRZScanner */; };
		CE299F832B3BA6930033A80D /* MRZScannerController.swift in Sources */ = {isa = PBXBuildFile; fileRef = CE299F822B3BA6930033A80D /* MRZScannerController.swift */; };
		CE299F852B3BA6B50033A80D /* Passportutils.swift in Sources */ = {isa = PBXBuildFile; fileRef = CE299F842B3BA6B50033A80D /* Passportutils.swift */; };
		CE299F872B3BA7420033A80D /* MRZScannerView.swift in Sources */ = {isa = PBXBuildFile; fileRef = CE299F862B3BA7420033A80D /* MRZScannerView.swift */; };
		CE299F8A2B3BAA7E0033A80D /* NFCPassportReader in Frameworks */ = {isa = PBXBuildFile; productRef = CE299F892B3BAA7E0033A80D /* NFCPassportReader */; };
		CE299F8C2B3BAAE50033A80D /* NFCScannerController.swift in Sources */ = {isa = PBXBuildFile; fileRef = CE299F8B2B3BAAE50033A80D /* NFCScannerController.swift */; };
		CE3A02D52B6A7657004D747B /* Localizable.strings in Resources */ = {isa = PBXBuildFile; fileRef = CE3A02D72B6A7657004D747B /* Localizable.strings */; };
		CE3A02DA2B6A9885004D747B /* LocalizationSwitcherView.swift in Sources */ = {isa = PBXBuildFile; fileRef = CE3A02D92B6A9885004D747B /* LocalizationSwitcherView.swift */; };
		CE3A02DC2B6AA53C004D747B /* RegisterMrzScannerView.swift in Sources */ = {isa = PBXBuildFile; fileRef = CE3A02DB2B6AA53C004D747B /* RegisterMrzScannerView.swift */; };
		CE3A02DE2B6AA90F004D747B /* SecureView.swift in Sources */ = {isa = PBXBuildFile; fileRef = CE3A02DD2B6AA90F004D747B /* SecureView.swift */; };
		CE9905D42B779E3B00FBAA3B /* libwitnesscalc_passportVerificationSHA256.a in Frameworks */ = {isa = PBXBuildFile; fileRef = CE9905D32B779E3B00FBAA3B /* libwitnesscalc_passportVerificationSHA256.a */; };
		CEBEDC372B7277CA00875D7B /* HomeProofsView.swift in Sources */ = {isa = PBXBuildFile; fileRef = CEBEDC362B7277CA00875D7B /* HomeProofsView.swift */; };
		CEBEDC392B7277FF00875D7B /* ScanData.swift in Sources */ = {isa = PBXBuildFile; fileRef = CEBEDC382B7277FF00875D7B /* ScanData.swift */; };
		CEBEDC3D2B72794100875D7B /* DataRetrivedPassportView.swift in Sources */ = {isa = PBXBuildFile; fileRef = CEBEDC3C2B72794100875D7B /* DataRetrivedPassportView.swift */; };
		CEBEDC3F2B7280E900875D7B /* HomeScanView.swift in Sources */ = {isa = PBXBuildFile; fileRef = CEBEDC3E2B7280E900875D7B /* HomeScanView.swift */; };
		CEBEDC432B728AB500875D7B /* ProofItemView.swift in Sources */ = {isa = PBXBuildFile; fileRef = CEBEDC422B728AB500875D7B /* ProofItemView.swift */; };
		CECB4F752B39F4EB00B422A2 /* DocScanApp.swift in Sources */ = {isa = PBXBuildFile; fileRef = CECB4F742B39F4EB00B422A2 /* DocScanApp.swift */; };
		CECB4F772B39F4EB00B422A2 /* ContentView.swift in Sources */ = {isa = PBXBuildFile; fileRef = CECB4F762B39F4EB00B422A2 /* ContentView.swift */; };
		CECB4F792B39F4EC00B422A2 /* Assets.xcassets in Resources */ = {isa = PBXBuildFile; fileRef = CECB4F782B39F4EC00B422A2 /* Assets.xcassets */; };
		CECB4F7C2B39F4EC00B422A2 /* Preview Assets.xcassets in Resources */ = {isa = PBXBuildFile; fileRef = CECB4F7B2B39F4EC00B422A2 /* Preview Assets.xcassets */; };
		CECB4FA22B39FD4600B422A2 /* WelcomeView.swift in Sources */ = {isa = PBXBuildFile; fileRef = CECB4FA12B39FD4600B422A2 /* WelcomeView.swift */; };
		CECB4FA52B3A002500B422A2 /* WelcomeController.swift in Sources */ = {isa = PBXBuildFile; fileRef = CECB4FA42B3A002500B422A2 /* WelcomeController.swift */; };
		CECB4FA92B3A070200B422A2 /* RegisterView.swift in Sources */ = {isa = PBXBuildFile; fileRef = CECB4FA82B3A070200B422A2 /* RegisterView.swift */; };
		CECB4FAB2B3A0A7E00B422A2 /* MrzHintView.swift in Sources */ = {isa = PBXBuildFile; fileRef = CECB4FAA2B3A0A7E00B422A2 /* MrzHintView.swift */; };
		CECB4FAF2B3A16AF00B422A2 /* NfcView.swift in Sources */ = {isa = PBXBuildFile; fileRef = CECB4FAE2B3A16AF00B422A2 /* NfcView.swift */; };
/* End PBXBuildFile section */

/* Begin PBXFileReference section */
		CE11A47A2B72C27800463F82 /* bridge.h */ = {isa = PBXFileReference; fileEncoding = 4; lastKnownFileType = sourcecode.c.h; path = bridge.h; sourceTree = "<group>"; };
		CE11A47C2B72C27800463F82 /* prover.h */ = {isa = PBXFileReference; fileEncoding = 4; lastKnownFileType = sourcecode.c.h; path = prover.h; sourceTree = "<group>"; };
		CE11A47E2B72C27800463F82 /* libgmp.a */ = {isa = PBXFileReference; lastKnownFileType = archive.ar; path = libgmp.a; sourceTree = "<group>"; };
		CE11A47F2B72C27800463F82 /* libfq.a */ = {isa = PBXFileReference; lastKnownFileType = archive.ar; path = libfq.a; sourceTree = "<group>"; };
		CE11A4802B72C27800463F82 /* librapidsnark.a */ = {isa = PBXFileReference; lastKnownFileType = archive.ar; path = librapidsnark.a; sourceTree = "<group>"; };
		CE11A4812B72C27800463F82 /* libfr.a */ = {isa = PBXFileReference; lastKnownFileType = archive.ar; path = libfr.a; sourceTree = "<group>"; };
		CE11A4872B72C29F00463F82 /* witnesscalc_passportVerificationSHA256.h */ = {isa = PBXFileReference; fileEncoding = 4; lastKnownFileType = sourcecode.c.h; path = witnesscalc_passportVerificationSHA256.h; sourceTree = "<group>"; };
		CE11A48A2B72C3C200463F82 /* ZKUtils.swift */ = {isa = PBXFileReference; fileEncoding = 4; lastKnownFileType = sourcecode.swift; path = ZKUtils.swift; sourceTree = "<group>"; };
		CE11A48C2B72C9A100463F82 /* KeychainUtils.swift */ = {isa = PBXFileReference; fileEncoding = 4; lastKnownFileType = sourcecode.swift; path = KeychainUtils.swift; sourceTree = "<group>"; };
		CE138FB42B753AE800950845 /* DocScan.entitlements */ = {isa = PBXFileReference; fileEncoding = 4; lastKnownFileType = text.plist.entitlements; path = DocScan.entitlements; sourceTree = "<group>"; };
		CE299F5C2B3B0D630033A80D /* HotbarController.swift */ = {isa = PBXFileReference; lastKnownFileType = sourcecode.swift; path = HotbarController.swift; sourceTree = "<group>"; };
		CE299F5E2B3B12750033A80D /* HomeView.swift */ = {isa = PBXFileReference; lastKnownFileType = sourcecode.swift; path = HomeView.swift; sourceTree = "<group>"; };
		CE299F682B3B3AC70033A80D /* View.swift */ = {isa = PBXFileReference; lastKnownFileType = sourcecode.swift; path = View.swift; sourceTree = "<group>"; };
		CE299F6B2B3B55C70033A80D /* HomeController.swift */ = {isa = PBXFileReference; lastKnownFileType = sourcecode.swift; path = HomeController.swift; sourceTree = "<group>"; };
		CE299F6D2B3B615A0033A80D /* MainView.swift */ = {isa = PBXFileReference; lastKnownFileType = sourcecode.swift; path = MainView.swift; sourceTree = "<group>"; };
		CE299F822B3BA6930033A80D /* MRZScannerController.swift */ = {isa = PBXFileReference; lastKnownFileType = sourcecode.swift; path = MRZScannerController.swift; sourceTree = "<group>"; };
		CE299F842B3BA6B50033A80D /* Passportutils.swift */ = {isa = PBXFileReference; lastKnownFileType = sourcecode.swift; path = Passportutils.swift; sourceTree = "<group>"; };
		CE299F862B3BA7420033A80D /* MRZScannerView.swift */ = {isa = PBXFileReference; lastKnownFileType = sourcecode.swift; path = MRZScannerView.swift; sourceTree = "<group>"; };
		CE299F8B2B3BAAE50033A80D /* NFCScannerController.swift */ = {isa = PBXFileReference; lastKnownFileType = sourcecode.swift; path = NFCScannerController.swift; sourceTree = "<group>"; };
		CE299F922B3BAE3C0033A80D /* Info.plist */ = {isa = PBXFileReference; lastKnownFileType = text.plist; path = Info.plist; sourceTree = "<group>"; };
		CE3A02D62B6A7657004D747B /* en */ = {isa = PBXFileReference; lastKnownFileType = text.plist.strings; name = en; path = en.lproj/Localizable.strings; sourceTree = "<group>"; };
		CE3A02D82B6A7658004D747B /* ru */ = {isa = PBXFileReference; lastKnownFileType = text.plist.strings; name = ru; path = ru.lproj/Localizable.strings; sourceTree = "<group>"; };
		CE3A02D92B6A9885004D747B /* LocalizationSwitcherView.swift */ = {isa = PBXFileReference; lastKnownFileType = sourcecode.swift; path = LocalizationSwitcherView.swift; sourceTree = "<group>"; };
		CE3A02DB2B6AA53C004D747B /* RegisterMrzScannerView.swift */ = {isa = PBXFileReference; lastKnownFileType = sourcecode.swift; path = RegisterMrzScannerView.swift; sourceTree = "<group>"; };
		CE3A02DD2B6AA90F004D747B /* SecureView.swift */ = {isa = PBXFileReference; lastKnownFileType = sourcecode.swift; path = SecureView.swift; sourceTree = "<group>"; };
		CE9905D32B779E3B00FBAA3B /* libwitnesscalc_passportVerificationSHA256.a */ = {isa = PBXFileReference; lastKnownFileType = archive.ar; path = libwitnesscalc_passportVerificationSHA256.a; sourceTree = "<group>"; };
		CEBEDC362B7277CA00875D7B /* HomeProofsView.swift */ = {isa = PBXFileReference; lastKnownFileType = sourcecode.swift; path = HomeProofsView.swift; sourceTree = "<group>"; };
		CEBEDC382B7277FF00875D7B /* ScanData.swift */ = {isa = PBXFileReference; fileEncoding = 4; lastKnownFileType = sourcecode.swift; path = ScanData.swift; sourceTree = "<group>"; };
		CEBEDC3C2B72794100875D7B /* DataRetrivedPassportView.swift */ = {isa = PBXFileReference; lastKnownFileType = sourcecode.swift; path = DataRetrivedPassportView.swift; sourceTree = "<group>"; };
		CEBEDC3E2B7280E900875D7B /* HomeScanView.swift */ = {isa = PBXFileReference; lastKnownFileType = sourcecode.swift; path = HomeScanView.swift; sourceTree = "<group>"; };
		CEBEDC422B728AB500875D7B /* ProofItemView.swift */ = {isa = PBXFileReference; lastKnownFileType = sourcecode.swift; path = ProofItemView.swift; sourceTree = "<group>"; };
		CECB4F712B39F4EB00B422A2 /* DocScan.app */ = {isa = PBXFileReference; explicitFileType = wrapper.application; includeInIndex = 0; path = DocScan.app; sourceTree = BUILT_PRODUCTS_DIR; };
		CECB4F742B39F4EB00B422A2 /* DocScanApp.swift */ = {isa = PBXFileReference; lastKnownFileType = sourcecode.swift; path = DocScanApp.swift; sourceTree = "<group>"; };
		CECB4F762B39F4EB00B422A2 /* ContentView.swift */ = {isa = PBXFileReference; lastKnownFileType = sourcecode.swift; path = ContentView.swift; sourceTree = "<group>"; };
		CECB4F782B39F4EC00B422A2 /* Assets.xcassets */ = {isa = PBXFileReference; lastKnownFileType = folder.assetcatalog; path = Assets.xcassets; sourceTree = "<group>"; };
		CECB4F7B2B39F4EC00B422A2 /* Preview Assets.xcassets */ = {isa = PBXFileReference; lastKnownFileType = folder.assetcatalog; path = "Preview Assets.xcassets"; sourceTree = "<group>"; };
		CECB4FA12B39FD4600B422A2 /* WelcomeView.swift */ = {isa = PBXFileReference; lastKnownFileType = sourcecode.swift; path = WelcomeView.swift; sourceTree = "<group>"; };
		CECB4FA42B3A002500B422A2 /* WelcomeController.swift */ = {isa = PBXFileReference; lastKnownFileType = sourcecode.swift; path = WelcomeController.swift; sourceTree = "<group>"; };
		CECB4FA82B3A070200B422A2 /* RegisterView.swift */ = {isa = PBXFileReference; lastKnownFileType = sourcecode.swift; path = RegisterView.swift; sourceTree = "<group>"; };
		CECB4FAA2B3A0A7E00B422A2 /* MrzHintView.swift */ = {isa = PBXFileReference; lastKnownFileType = sourcecode.swift; path = MrzHintView.swift; sourceTree = "<group>"; };
		CECB4FAE2B3A16AF00B422A2 /* NfcView.swift */ = {isa = PBXFileReference; lastKnownFileType = sourcecode.swift; path = NfcView.swift; sourceTree = "<group>"; };
/* End PBXFileReference section */

/* Begin PBXFrameworksBuildPhase section */
		CECB4F6E2B39F4EB00B422A2 /* Frameworks */ = {
			isa = PBXFrameworksBuildPhase;
			buildActionMask = 2147483647;
			files = (
				CE9905D42B779E3B00FBAA3B /* libwitnesscalc_passportVerificationSHA256.a in Frameworks */,
				CE1CC8A12B686FE400FB5E31 /* KeychainAccess in Frameworks */,
				CE11A4832B72C27800463F82 /* libgmp.a in Frameworks */,
				CE11A4852B72C27800463F82 /* librapidsnark.a in Frameworks */,
				CE299F812B3BA66C0033A80D /* QKMRZScanner in Frameworks */,
				CE11A4842B72C27800463F82 /* libfq.a in Frameworks */,
				CE299F8A2B3BAA7E0033A80D /* NFCPassportReader in Frameworks */,
				CE11A4862B72C27800463F82 /* libfr.a in Frameworks */,
			);
			runOnlyForDeploymentPostprocessing = 0;
		};
/* End PBXFrameworksBuildPhase section */

/* Begin PBXGroup section */
		CE11A4792B72C27800463F82 /* Frameworks */ = {
			isa = PBXGroup;
			children = (
				CE9905D32B779E3B00FBAA3B /* libwitnesscalc_passportVerificationSHA256.a */,
				CE11A47A2B72C27800463F82 /* bridge.h */,
				CE11A47C2B72C27800463F82 /* prover.h */,
				CE11A47E2B72C27800463F82 /* libgmp.a */,
				CE11A47F2B72C27800463F82 /* libfq.a */,
				CE11A4802B72C27800463F82 /* librapidsnark.a */,
				CE11A4872B72C29F00463F82 /* witnesscalc_passportVerificationSHA256.h */,
				CE11A4812B72C27800463F82 /* libfr.a */,
			);
			path = Frameworks;
			sourceTree = "<group>";
		};
		CE299F622B3B1CC90033A80D /* Models */ = {
			isa = PBXGroup;
			children = (
				CE11A48C2B72C9A100463F82 /* KeychainUtils.swift */,
				CE11A48A2B72C3C200463F82 /* ZKUtils.swift */,
				CEBEDC382B7277FF00875D7B /* ScanData.swift */,
				CE299F842B3BA6B50033A80D /* Passportutils.swift */,
			);
			path = Models;
			sourceTree = "<group>";
		};
		CE299F672B3B3AB90033A80D /* Extensions */ = {
			isa = PBXGroup;
			children = (
				CE299F682B3B3AC70033A80D /* View.swift */,
			);
			path = Extensions;
			sourceTree = "<group>";
		};
		CE3A02D22B6A760E004D747B /* Resources */ = {
			isa = PBXGroup;
			children = (
				CE3A02D72B6A7657004D747B /* Localizable.strings */,
			);
			path = Resources;
			sourceTree = "<group>";
		};
		CECB4F682B39F4EB00B422A2 = {
			isa = PBXGroup;
			children = (
				CE11A4792B72C27800463F82 /* Frameworks */,
				CECB4F732B39F4EB00B422A2 /* DocScan */,
				CECB4F722B39F4EB00B422A2 /* Products */,
			);
			sourceTree = "<group>";
		};
		CECB4F722B39F4EB00B422A2 /* Products */ = {
			isa = PBXGroup;
			children = (
				CECB4F712B39F4EB00B422A2 /* DocScan.app */,
			);
			name = Products;
			sourceTree = "<group>";
		};
		CECB4F732B39F4EB00B422A2 /* DocScan */ = {
			isa = PBXGroup;
			children = (
				CE138FB42B753AE800950845 /* DocScan.entitlements */,
				CE3A02D22B6A760E004D747B /* Resources */,
				CE299F922B3BAE3C0033A80D /* Info.plist */,
				CE299F672B3B3AB90033A80D /* Extensions */,
				CE299F622B3B1CC90033A80D /* Models */,
				CECB4FA32B3A001700B422A2 /* Controllers */,
				CECB4FA02B39FD3A00B422A2 /* Views */,
				CECB4F742B39F4EB00B422A2 /* DocScanApp.swift */,
				CECB4F762B39F4EB00B422A2 /* ContentView.swift */,
				CECB4F782B39F4EC00B422A2 /* Assets.xcassets */,
				CECB4F7A2B39F4EC00B422A2 /* Preview Content */,
			);
			path = DocScan;
			sourceTree = "<group>";
		};
		CECB4F7A2B39F4EC00B422A2 /* Preview Content */ = {
			isa = PBXGroup;
			children = (
				CECB4F7B2B39F4EC00B422A2 /* Preview Assets.xcassets */,
			);
			path = "Preview Content";
			sourceTree = "<group>";
		};
		CECB4FA02B39FD3A00B422A2 /* Views */ = {
			isa = PBXGroup;
			children = (
				CECB4FA12B39FD4600B422A2 /* WelcomeView.swift */,
				CECB4FA82B3A070200B422A2 /* RegisterView.swift */,
				CECB4FAA2B3A0A7E00B422A2 /* MrzHintView.swift */,
				CECB4FAE2B3A16AF00B422A2 /* NfcView.swift */,
				CE299F5E2B3B12750033A80D /* HomeView.swift */,
				CE299F6D2B3B615A0033A80D /* MainView.swift */,
				CE299F862B3BA7420033A80D /* MRZScannerView.swift */,
				CE3A02D92B6A9885004D747B /* LocalizationSwitcherView.swift */,
				CE3A02DB2B6AA53C004D747B /* RegisterMrzScannerView.swift */,
				CE3A02DD2B6AA90F004D747B /* SecureView.swift */,
				CEBEDC362B7277CA00875D7B /* HomeProofsView.swift */,
				CEBEDC3C2B72794100875D7B /* DataRetrivedPassportView.swift */,
				CEBEDC3E2B7280E900875D7B /* HomeScanView.swift */,
				CEBEDC422B728AB500875D7B /* ProofItemView.swift */,
			);
			path = Views;
			sourceTree = "<group>";
		};
		CECB4FA32B3A001700B422A2 /* Controllers */ = {
			isa = PBXGroup;
			children = (
				CECB4FA42B3A002500B422A2 /* WelcomeController.swift */,
				CE299F5C2B3B0D630033A80D /* HotbarController.swift */,
				CE299F6B2B3B55C70033A80D /* HomeController.swift */,
				CE299F822B3BA6930033A80D /* MRZScannerController.swift */,
				CE299F8B2B3BAAE50033A80D /* NFCScannerController.swift */,
			);
			path = Controllers;
			sourceTree = "<group>";
		};
/* End PBXGroup section */

/* Begin PBXNativeTarget section */
		CECB4F702B39F4EB00B422A2 /* DocScan */ = {
			isa = PBXNativeTarget;
			buildConfigurationList = CECB4F952B39F4EC00B422A2 /* Build configuration list for PBXNativeTarget "DocScan" */;
			buildPhases = (
				CECB4F6D2B39F4EB00B422A2 /* Sources */,
				CECB4F6E2B39F4EB00B422A2 /* Frameworks */,
				CECB4F6F2B39F4EB00B422A2 /* Resources */,
			);
			buildRules = (
			);
			dependencies = (
			);
			name = DocScan;
			packageProductDependencies = (
				CE299F802B3BA66C0033A80D /* QKMRZScanner */,
				CE299F892B3BAA7E0033A80D /* NFCPassportReader */,
				CE1CC8A02B686FE400FB5E31 /* KeychainAccess */,
			);
			productName = RedSunset;
			productReference = CECB4F712B39F4EB00B422A2 /* DocScan.app */;
			productType = "com.apple.product-type.application";
		};
/* End PBXNativeTarget section */

/* Begin PBXProject section */
		CECB4F692B39F4EB00B422A2 /* Project object */ = {
			isa = PBXProject;
			attributes = {
				BuildIndependentTargetsInParallel = 1;
				LastSwiftUpdateCheck = 1500;
				LastUpgradeCheck = 1500;
				TargetAttributes = {
					CECB4F702B39F4EB00B422A2 = {
						CreatedOnToolsVersion = 15.0.1;
					};
				};
			};
			buildConfigurationList = CECB4F6C2B39F4EB00B422A2 /* Build configuration list for PBXProject "DocScan" */;
			compatibilityVersion = "Xcode 14.0";
			developmentRegion = en;
			hasScannedForEncodings = 0;
			knownRegions = (
				en,
				Base,
				ru,
			);
			mainGroup = CECB4F682B39F4EB00B422A2;
			packageReferences = (
				CE299F7F2B3BA66C0033A80D /* XCRemoteSwiftPackageReference "QKMRZScanner" */,
				CE299F882B3BAA7E0033A80D /* XCRemoteSwiftPackageReference "NFCPassportReader" */,
				CE1CC89F2B686FE400FB5E31 /* XCRemoteSwiftPackageReference "KeychainAccess" */,
			);
			productRefGroup = CECB4F722B39F4EB00B422A2 /* Products */;
			projectDirPath = "";
			projectRoot = "";
			targets = (
				CECB4F702B39F4EB00B422A2 /* DocScan */,
			);
		};
/* End PBXProject section */

/* Begin PBXResourcesBuildPhase section */
		CECB4F6F2B39F4EB00B422A2 /* Resources */ = {
			isa = PBXResourcesBuildPhase;
			buildActionMask = 2147483647;
			files = (
				CE3A02D52B6A7657004D747B /* Localizable.strings in Resources */,
				CECB4F7C2B39F4EC00B422A2 /* Preview Assets.xcassets in Resources */,
				CECB4F792B39F4EC00B422A2 /* Assets.xcassets in Resources */,
			);
			runOnlyForDeploymentPostprocessing = 0;
		};
/* End PBXResourcesBuildPhase section */

/* Begin PBXSourcesBuildPhase section */
		CECB4F6D2B39F4EB00B422A2 /* Sources */ = {
			isa = PBXSourcesBuildPhase;
			buildActionMask = 2147483647;
			files = (
				CECB4FAF2B3A16AF00B422A2 /* NfcView.swift in Sources */,
				CECB4F772B39F4EB00B422A2 /* ContentView.swift in Sources */,
				CE299F832B3BA6930033A80D /* MRZScannerController.swift in Sources */,
				CE299F5D2B3B0D630033A80D /* HotbarController.swift in Sources */,
				CE299F5F2B3B12750033A80D /* HomeView.swift in Sources */,
				CECB4FA22B39FD4600B422A2 /* WelcomeView.swift in Sources */,
				CECB4FA92B3A070200B422A2 /* RegisterView.swift in Sources */,
				CE3A02DC2B6AA53C004D747B /* RegisterMrzScannerView.swift in Sources */,
				CE299F8C2B3BAAE50033A80D /* NFCScannerController.swift in Sources */,
				CE3A02DE2B6AA90F004D747B /* SecureView.swift in Sources */,
				CEBEDC432B728AB500875D7B /* ProofItemView.swift in Sources */,
				CE299F6E2B3B615A0033A80D /* MainView.swift in Sources */,
				CEBEDC392B7277FF00875D7B /* ScanData.swift in Sources */,
				CECB4FA52B3A002500B422A2 /* WelcomeController.swift in Sources */,
				CECB4FAB2B3A0A7E00B422A2 /* MrzHintView.swift in Sources */,
				CE299F692B3B3AC70033A80D /* View.swift in Sources */,
				CE299F872B3BA7420033A80D /* MRZScannerView.swift in Sources */,
				CECB4F752B39F4EB00B422A2 /* DocScanApp.swift in Sources */,
				CE299F6C2B3B55C70033A80D /* HomeController.swift in Sources */,
				CEBEDC372B7277CA00875D7B /* HomeProofsView.swift in Sources */,
				CE299F852B3BA6B50033A80D /* Passportutils.swift in Sources */,
				CE3A02DA2B6A9885004D747B /* LocalizationSwitcherView.swift in Sources */,
				CEBEDC3F2B7280E900875D7B /* HomeScanView.swift in Sources */,
				CEBEDC3D2B72794100875D7B /* DataRetrivedPassportView.swift in Sources */,
				CE11A48B2B72C3C200463F82 /* ZKUtils.swift in Sources */,
				CE11A48D2B72C9A100463F82 /* KeychainUtils.swift in Sources */,
			);
			runOnlyForDeploymentPostprocessing = 0;
		};
/* End PBXSourcesBuildPhase section */

/* Begin PBXVariantGroup section */
		CE3A02D72B6A7657004D747B /* Localizable.strings */ = {
			isa = PBXVariantGroup;
			children = (
				CE3A02D62B6A7657004D747B /* en */,
				CE3A02D82B6A7658004D747B /* ru */,
			);
			name = Localizable.strings;
			sourceTree = "<group>";
		};
/* End PBXVariantGroup section */

/* Begin XCBuildConfiguration section */
		CECB4F932B39F4EC00B422A2 /* Debug */ = {
			isa = XCBuildConfiguration;
			buildSettings = {
				ALWAYS_SEARCH_USER_PATHS = NO;
				ASSETCATALOG_COMPILER_GENERATE_SWIFT_ASSET_SYMBOL_EXTENSIONS = YES;
				CLANG_ANALYZER_NONNULL = YES;
				CLANG_ANALYZER_NUMBER_OBJECT_CONVERSION = YES_AGGRESSIVE;
				CLANG_CXX_LANGUAGE_STANDARD = "gnu++20";
				CLANG_ENABLE_MODULES = YES;
				CLANG_ENABLE_OBJC_ARC = YES;
				CLANG_ENABLE_OBJC_WEAK = YES;
				CLANG_WARN_BLOCK_CAPTURE_AUTORELEASING = YES;
				CLANG_WARN_BOOL_CONVERSION = YES;
				CLANG_WARN_COMMA = YES;
				CLANG_WARN_CONSTANT_CONVERSION = YES;
				CLANG_WARN_DEPRECATED_OBJC_IMPLEMENTATIONS = YES;
				CLANG_WARN_DIRECT_OBJC_ISA_USAGE = YES_ERROR;
				CLANG_WARN_DOCUMENTATION_COMMENTS = YES;
				CLANG_WARN_EMPTY_BODY = YES;
				CLANG_WARN_ENUM_CONVERSION = YES;
				CLANG_WARN_INFINITE_RECURSION = YES;
				CLANG_WARN_INT_CONVERSION = YES;
				CLANG_WARN_NON_LITERAL_NULL_CONVERSION = YES;
				CLANG_WARN_OBJC_IMPLICIT_RETAIN_SELF = YES;
				CLANG_WARN_OBJC_LITERAL_CONVERSION = YES;
				CLANG_WARN_OBJC_ROOT_CLASS = YES_ERROR;
				CLANG_WARN_QUOTED_INCLUDE_IN_FRAMEWORK_HEADER = YES;
				CLANG_WARN_RANGE_LOOP_ANALYSIS = YES;
				CLANG_WARN_STRICT_PROTOTYPES = YES;
				CLANG_WARN_SUSPICIOUS_MOVE = YES;
				CLANG_WARN_UNGUARDED_AVAILABILITY = YES_AGGRESSIVE;
				CLANG_WARN_UNREACHABLE_CODE = YES;
				CLANG_WARN__DUPLICATE_METHOD_MATCH = YES;
				COPY_PHASE_STRIP = NO;
				DEBUG_INFORMATION_FORMAT = dwarf;
				ENABLE_STRICT_OBJC_MSGSEND = YES;
				ENABLE_TESTABILITY = YES;
				ENABLE_USER_SCRIPT_SANDBOXING = YES;
				GCC_C_LANGUAGE_STANDARD = gnu17;
				GCC_DYNAMIC_NO_PIC = NO;
				GCC_NO_COMMON_BLOCKS = YES;
				GCC_OPTIMIZATION_LEVEL = 0;
				GCC_PREPROCESSOR_DEFINITIONS = (
					"DEBUG=1",
					"$(inherited)",
				);
				GCC_WARN_64_TO_32_BIT_CONVERSION = YES;
				GCC_WARN_ABOUT_RETURN_TYPE = YES_ERROR;
				GCC_WARN_UNDECLARED_SELECTOR = YES;
				GCC_WARN_UNINITIALIZED_AUTOS = YES_AGGRESSIVE;
				GCC_WARN_UNUSED_FUNCTION = YES;
				GCC_WARN_UNUSED_VARIABLE = YES;
				IPHONEOS_DEPLOYMENT_TARGET = 16.0;
				LOCALIZATION_PREFERS_STRING_CATALOGS = YES;
				MTL_ENABLE_DEBUG_INFO = INCLUDE_SOURCE;
				MTL_FAST_MATH = YES;
				ONLY_ACTIVE_ARCH = YES;
				SDKROOT = iphoneos;
				SWIFT_ACTIVE_COMPILATION_CONDITIONS = "DEBUG $(inherited)";
				SWIFT_OPTIMIZATION_LEVEL = "-Onone";
			};
			name = Debug;
		};
		CECB4F942B39F4EC00B422A2 /* Release */ = {
			isa = XCBuildConfiguration;
			buildSettings = {
				ALWAYS_SEARCH_USER_PATHS = NO;
				ASSETCATALOG_COMPILER_GENERATE_SWIFT_ASSET_SYMBOL_EXTENSIONS = YES;
				CLANG_ANALYZER_NONNULL = YES;
				CLANG_ANALYZER_NUMBER_OBJECT_CONVERSION = YES_AGGRESSIVE;
				CLANG_CXX_LANGUAGE_STANDARD = "gnu++20";
				CLANG_ENABLE_MODULES = YES;
				CLANG_ENABLE_OBJC_ARC = YES;
				CLANG_ENABLE_OBJC_WEAK = YES;
				CLANG_WARN_BLOCK_CAPTURE_AUTORELEASING = YES;
				CLANG_WARN_BOOL_CONVERSION = YES;
				CLANG_WARN_COMMA = YES;
				CLANG_WARN_CONSTANT_CONVERSION = YES;
				CLANG_WARN_DEPRECATED_OBJC_IMPLEMENTATIONS = YES;
				CLANG_WARN_DIRECT_OBJC_ISA_USAGE = YES_ERROR;
				CLANG_WARN_DOCUMENTATION_COMMENTS = YES;
				CLANG_WARN_EMPTY_BODY = YES;
				CLANG_WARN_ENUM_CONVERSION = YES;
				CLANG_WARN_INFINITE_RECURSION = YES;
				CLANG_WARN_INT_CONVERSION = YES;
				CLANG_WARN_NON_LITERAL_NULL_CONVERSION = YES;
				CLANG_WARN_OBJC_IMPLICIT_RETAIN_SELF = YES;
				CLANG_WARN_OBJC_LITERAL_CONVERSION = YES;
				CLANG_WARN_OBJC_ROOT_CLASS = YES_ERROR;
				CLANG_WARN_QUOTED_INCLUDE_IN_FRAMEWORK_HEADER = YES;
				CLANG_WARN_RANGE_LOOP_ANALYSIS = YES;
				CLANG_WARN_STRICT_PROTOTYPES = YES;
				CLANG_WARN_SUSPICIOUS_MOVE = YES;
				CLANG_WARN_UNGUARDED_AVAILABILITY = YES_AGGRESSIVE;
				CLANG_WARN_UNREACHABLE_CODE = YES;
				CLANG_WARN__DUPLICATE_METHOD_MATCH = YES;
				COPY_PHASE_STRIP = NO;
				DEBUG_INFORMATION_FORMAT = "dwarf-with-dsym";
				ENABLE_NS_ASSERTIONS = NO;
				ENABLE_STRICT_OBJC_MSGSEND = YES;
				ENABLE_USER_SCRIPT_SANDBOXING = YES;
				GCC_C_LANGUAGE_STANDARD = gnu17;
				GCC_NO_COMMON_BLOCKS = YES;
				GCC_WARN_64_TO_32_BIT_CONVERSION = YES;
				GCC_WARN_ABOUT_RETURN_TYPE = YES_ERROR;
				GCC_WARN_UNDECLARED_SELECTOR = YES;
				GCC_WARN_UNINITIALIZED_AUTOS = YES_AGGRESSIVE;
				GCC_WARN_UNUSED_FUNCTION = YES;
				GCC_WARN_UNUSED_VARIABLE = YES;
				IPHONEOS_DEPLOYMENT_TARGET = 16.0;
				LOCALIZATION_PREFERS_STRING_CATALOGS = YES;
				MTL_ENABLE_DEBUG_INFO = NO;
				MTL_FAST_MATH = YES;
				SDKROOT = iphoneos;
				SWIFT_COMPILATION_MODE = wholemodule;
				VALIDATE_PRODUCT = YES;
			};
			name = Release;
		};
		CECB4F962B39F4EC00B422A2 /* Debug */ = {
			isa = XCBuildConfiguration;
			buildSettings = {
				ASSETCATALOG_COMPILER_APPICON_NAME = AppIcon;
				ASSETCATALOG_COMPILER_GLOBAL_ACCENT_COLOR_NAME = AccentColor;
				CODE_SIGN_ENTITLEMENTS = DocScan/DocScan.entitlements;
				CODE_SIGN_IDENTITY = "Apple Development";
				CODE_SIGN_STYLE = Automatic;
				CURRENT_PROJECT_VERSION = 2;
				DEVELOPMENT_ASSET_PATHS = "\"DocScan/Preview Content\"";
				DEVELOPMENT_TEAM = T7CLECN442;
				ENABLE_PREVIEWS = YES;
				GENERATE_INFOPLIST_FILE = YES;
				INFOPLIST_FILE = DocScan/Info.plist;
				INFOPLIST_KEY_CFBundleDisplayName = "DL Doc Scan";
				INFOPLIST_KEY_LSApplicationCategoryType = "public.app-category.productivity";
				INFOPLIST_KEY_NFCReaderUsageDescription = "Used to read data from ePassport";
				INFOPLIST_KEY_NSCameraUsageDescription = "Used to read MRZ from ePassports";
				INFOPLIST_KEY_UIApplicationSceneManifest_Generation = YES;
				INFOPLIST_KEY_UIApplicationSupportsIndirectInputEvents = YES;
				INFOPLIST_KEY_UILaunchScreen_Generation = YES;
				INFOPLIST_KEY_UILaunchStoryboardName = LaunchScreen.storyboard;
				INFOPLIST_KEY_UISupportedInterfaceOrientations = UIInterfaceOrientationPortrait;
				INFOPLIST_KEY_UISupportedInterfaceOrientations_iPad = "UIInterfaceOrientationLandscapeLeft UIInterfaceOrientationLandscapeRight UIInterfaceOrientationPortrait UIInterfaceOrientationPortraitUpsideDown";
				INFOPLIST_KEY_UIUserInterfaceStyle = Light;
				IPHONEOS_DEPLOYMENT_TARGET = 16.0;
				LD_RUNPATH_SEARCH_PATHS = (
					"$(inherited)",
					"@executable_path/Frameworks",
				);
				LIBRARY_SEARCH_PATHS = (
					"$(inherited)",
					"$(PROJECT_DIR)/Frameworks",
				);
				MARKETING_VERSION = 1.1;
				OTHER_LDFLAGS = "-lc++";
				PRODUCT_BUNDLE_IDENTIFIER = DistributedLab.DLDocScan;
				PRODUCT_NAME = "$(TARGET_NAME)";
				PROVISIONING_PROFILE_SPECIFIER = "";
				SUPPORTED_PLATFORMS = "iphoneos iphonesimulator";
				SUPPORTS_MACCATALYST = NO;
				SWIFT_EMIT_LOC_STRINGS = YES;
				SWIFT_OBJC_BRIDGING_HEADER = "$(PROJECT_DIR)/Frameworks/bridge.h";
				SWIFT_VERSION = 5.0;
				TARGETED_DEVICE_FAMILY = 1;
			};
			name = Debug;
		};
		CECB4F972B39F4EC00B422A2 /* Release */ = {
			isa = XCBuildConfiguration;
			buildSettings = {
				ASSETCATALOG_COMPILER_APPICON_NAME = AppIcon;
				ASSETCATALOG_COMPILER_GLOBAL_ACCENT_COLOR_NAME = AccentColor;
				CODE_SIGN_ENTITLEMENTS = DocScan/DocScan.entitlements;
				CODE_SIGN_IDENTITY = "Apple Development";
				CODE_SIGN_STYLE = Automatic;
				CURRENT_PROJECT_VERSION = 2;
				DEVELOPMENT_ASSET_PATHS = "\"DocScan/Preview Content\"";
				DEVELOPMENT_TEAM = T7CLECN442;
				ENABLE_PREVIEWS = YES;
				GENERATE_INFOPLIST_FILE = YES;
				INFOPLIST_FILE = DocScan/Info.plist;
				INFOPLIST_KEY_CFBundleDisplayName = "DL Doc Scan";
				INFOPLIST_KEY_LSApplicationCategoryType = "public.app-category.productivity";
				INFOPLIST_KEY_NFCReaderUsageDescription = "Used to read data from ePassport";
				INFOPLIST_KEY_NSCameraUsageDescription = "Used to read MRZ from ePassports";
				INFOPLIST_KEY_UIApplicationSceneManifest_Generation = YES;
				INFOPLIST_KEY_UIApplicationSupportsIndirectInputEvents = YES;
				INFOPLIST_KEY_UILaunchScreen_Generation = YES;
				INFOPLIST_KEY_UILaunchStoryboardName = LaunchScreen.storyboard;
				INFOPLIST_KEY_UISupportedInterfaceOrientations = UIInterfaceOrientationPortrait;
				INFOPLIST_KEY_UISupportedInterfaceOrientations_iPad = "UIInterfaceOrientationLandscapeLeft UIInterfaceOrientationLandscapeRight UIInterfaceOrientationPortrait UIInterfaceOrientationPortraitUpsideDown";
				INFOPLIST_KEY_UIUserInterfaceStyle = Light;
				IPHONEOS_DEPLOYMENT_TARGET = 16.0;
				LD_RUNPATH_SEARCH_PATHS = (
					"$(inherited)",
					"@executable_path/Frameworks",
				);
				LIBRARY_SEARCH_PATHS = (
					"$(inherited)",
					"$(PROJECT_DIR)/Frameworks",
				);
				MARKETING_VERSION = 1.1;
				OTHER_LDFLAGS = "-lc++";
				PRODUCT_BUNDLE_IDENTIFIER = DistributedLab.DLDocScan;
				PRODUCT_NAME = "$(TARGET_NAME)";
				PROVISIONING_PROFILE_SPECIFIER = "";
				SUPPORTED_PLATFORMS = "iphoneos iphonesimulator";
				SUPPORTS_MACCATALYST = NO;
				SWIFT_EMIT_LOC_STRINGS = YES;
				SWIFT_OBJC_BRIDGING_HEADER = "$(PROJECT_DIR)/Frameworks/bridge.h";
				SWIFT_VERSION = 5.0;
				TARGETED_DEVICE_FAMILY = 1;
			};
			name = Release;
		};
/* End XCBuildConfiguration section */

/* Begin XCConfigurationList section */
		CECB4F6C2B39F4EB00B422A2 /* Build configuration list for PBXProject "DocScan" */ = {
			isa = XCConfigurationList;
			buildConfigurations = (
				CECB4F932B39F4EC00B422A2 /* Debug */,
				CECB4F942B39F4EC00B422A2 /* Release */,
			);
			defaultConfigurationIsVisible = 0;
			defaultConfigurationName = Release;
		};
		CECB4F952B39F4EC00B422A2 /* Build configuration list for PBXNativeTarget "DocScan" */ = {
			isa = XCConfigurationList;
			buildConfigurations = (
				CECB4F962B39F4EC00B422A2 /* Debug */,
				CECB4F972B39F4EC00B422A2 /* Release */,
			);
			defaultConfigurationIsVisible = 0;
			defaultConfigurationName = Release;
		};
/* End XCConfigurationList section */

/* Begin XCRemoteSwiftPackageReference section */
		CE1CC89F2B686FE400FB5E31 /* XCRemoteSwiftPackageReference "KeychainAccess" */ = {
			isa = XCRemoteSwiftPackageReference;
			repositoryURL = "git@github.com:kishikawakatsumi/KeychainAccess.git";
			requirement = {
				kind = exactVersion;
				version = 4.2.2;
			};
		};
		CE299F7F2B3BA66C0033A80D /* XCRemoteSwiftPackageReference "QKMRZScanner" */ = {
			isa = XCRemoteSwiftPackageReference;
			repositoryURL = "https://github.com/Mattijah/QKMRZScanner.git";
			requirement = {
				branch = "master-spm";
				kind = branch;
			};
		};
		CE299F882B3BAA7E0033A80D /* XCRemoteSwiftPackageReference "NFCPassportReader" */ = {
			isa = XCRemoteSwiftPackageReference;
			repositoryURL = "https://github.com/AndyQ/NFCPassportReader.git";
			requirement = {
				kind = exactVersion;
				version = 2.1.0;
			};
		};
/* End XCRemoteSwiftPackageReference section */

/* Begin XCSwiftPackageProductDependency section */
		CE1CC8A02B686FE400FB5E31 /* KeychainAccess */ = {
			isa = XCSwiftPackageProductDependency;
			package = CE1CC89F2B686FE400FB5E31 /* XCRemoteSwiftPackageReference "KeychainAccess" */;
			productName = KeychainAccess;
		};
		CE299F802B3BA66C0033A80D /* QKMRZScanner */ = {
			isa = XCSwiftPackageProductDependency;
			package = CE299F7F2B3BA66C0033A80D /* XCRemoteSwiftPackageReference "QKMRZScanner" */;
			productName = QKMRZScanner;
		};
		CE299F892B3BAA7E0033A80D /* NFCPassportReader */ = {
			isa = XCSwiftPackageProductDependency;
			package = CE299F882B3BAA7E0033A80D /* XCRemoteSwiftPackageReference "NFCPassportReader" */;
			productName = NFCPassportReader;
		};
/* End XCSwiftPackageProductDependency section */
	};
	rootObject = CECB4F692B39F4EB00B422A2 /* Project object */;
}
